
Microsoft Visual Studio Solution File, Format Version 12.00
# Visual Studio Version 16
VisualStudioVersion = 16.0.29503.13
MinimumVisualStudioVersion = 10.0.40219.1
Project("{8BC9CEB8-8B4A-11D0-8D11-00A0C91BC942}") = "TPNote3", "TPNote3\TPNote3.vcxproj", "{3812F219-C3D5-4BE2-9699-8E2B86E51EBB}"
EndProject
Global
	GlobalSection(SolutionConfigurationPlatforms) = preSolution
		Debug|x64 = Debug|x64
		Debug|x86 = Debug|x86
		Release|x64 = Release|x64
		Release|x86 = Release|x86
	EndGlobalSection
	GlobalSection(ProjectConfigurationPlatforms) = postSolution
		{3812F219-C3D5-4BE2-9699-8E2B86E51EBB}.Debug|x64.ActiveCfg = Debug|x64
		{3812F219-C3D5-4BE2-9699-8E2B86E51EBB}.Debug|x64.Build.0 = Debug|x64
		{3812F219-C3D5-4BE2-9699-8E2B86E51EBB}.Debug|x86.ActiveCfg = Debug|Win32
		{3812F219-C3D5-4BE2-9699-8E2B86E51EBB}.Debug|x86.Build.0 = Debug|Win32
		{3812F219-C3D5-4BE2-9699-8E2B86E51EBB}.Release|x64.ActiveCfg = Release|x64
		{3812F219-C3D5-4BE2-9699-8E2B86E51EBB}.Release|x64.Build.0 = Release|x64
		{3812F219-C3D5-4BE2-9699-8E2B86E51EBB}.Release|x86.ActiveCfg = Release|Win32
		{3812F219-C3D5-4BE2-9699-8E2B86E51EBB}.Release|x86.Build.0 = Release|Win32
	EndGlobalSection
	GlobalSection(SolutionProperties) = preSolution
		HideSolutionNode = FALSE
	EndGlobalSection
	GlobalSection(ExtensibilityGlobals) = postSolution
		SolutionGuid = {987F3426-FAC1-418D-8D8A-96052836C46C}
	EndGlobalSection
EndGlobal
